# This file is generated by running "yarn install" inside your project.
# Manual changes might be lost - proceed with caution!

__metadata:
  version: 6
  cacheKey: 8

"core-js@npm:^3.24.1":
  version: 3.24.1
  resolution: "core-js@npm:3.24.1"
  checksum: 6fb5bf0fd9e9f3e69d95616dd03332fea6758a715d2628c108b5faf17b48b0f580e90c4febb0a523c4665b0991a810de16289f86187fe79d70cc722dbd3edf0e
  languageName: node
  linkType: hard

"regenerator-runtime@npm:^0.13.9":
  version: 0.13.9
  resolution: "regenerator-runtime@npm:0.13.9"
  checksum: 65ed455fe5afd799e2897baf691ca21c2772e1a969d19bb0c4695757c2d96249eb74ee3553ea34a91062b2a676beedf630b4c1551cc6299afb937be1426ec55e
  languageName: node
  linkType: hard

"webpacker-to-shakapacker-upgrade@workspace:.":
  version: 0.0.0-use.local
  resolution: "webpacker-to-shakapacker-upgrade@workspace:."
  dependencies:
    core-js: ^3.24.1
    regenerator-runtime: ^0.13.9
  languageName: unknown
  linkType: soft
